
Microsoft Visual Studio Solution File, Format Version 12.00
# Visual Studio Version 17
VisualStudioVersion = 17.3.32929.385
MinimumVisualStudioVersion = 10.0.40219.1
Project("{FAE04EC0-301F-11D3-BF4B-00C04F79EFBC}") = "Miclea_Adela_Laboratorul2", "Miclea_Adela_Laboratorul2\Miclea_Adela_Laboratorul2.csproj", "{BBABB99E-EBE7-48CB-8A32-97968E522593}"
EndProject
Global
	GlobalSection(SolutionConfigurationPlatforms) = preSolution
		Debug|Any CPU = Debug|Any CPU
		Release|Any CPU = Release|Any CPU
	EndGlobalSection
	GlobalSection(ProjectConfigurationPlatforms) = postSolution
		{BBABB99E-EBE7-48CB-8A32-97968E522593}.Debug|Any CPU.ActiveCfg = Debug|Any CPU
		{BBABB99E-EBE7-48CB-8A32-97968E522593}.Debug|Any CPU.Build.0 = Debug|Any CPU
		{BBABB99E-EBE7-48CB-8A32-97968E522593}.Release|Any CPU.ActiveCfg = Release|Any CPU
		{BBABB99E-EBE7-48CB-8A32-97968E522593}.Release|Any CPU.Build.0 = Release|Any CPU
	EndGlobalSection
	GlobalSection(SolutionProperties) = preSolution
		HideSolutionNode = FALSE
	EndGlobalSection
	GlobalSection(ExtensibilityGlobals) = postSolution
		SolutionGuid = {EACDEEF0-E386-4CA9-BEFA-9FA9F3E7E06B}
	EndGlobalSection
EndGlobal
